
Microsoft Visual Studio Solution File, Format Version 12.00
# Visual Studio Version 17
VisualStudioVersion = 17.9.34723.18
MinimumVisualStudioVersion = 10.0.40219.1
Project("{FAE04EC0-301F-11D3-BF4B-00C04F79EFBC}") = "SingleResponsibility", "SingleResponsibility\SingleResponsibility.csproj", "{51438317-96BC-44D4-AC0A-807C01C28FB6}"
EndProject
Project("{FAE04EC0-301F-11D3-BF4B-00C04F79EFBC}") = "OpenClosed", "OpenClosed\OpenClosed.csproj", "{FB044E21-3DE1-4935-95F0-9C23D8BE4A7B}"
EndProject
Project("{FAE04EC0-301F-11D3-BF4B-00C04F79EFBC}") = "LiskovSubstition", "LiskovSubstition\LiskovSubstition.csproj", "{5283C978-BC47-44C7-B2CC-90FC59D27E09}"
EndProject
Project("{FAE04EC0-301F-11D3-BF4B-00C04F79EFBC}") = "InterfaceSegregation", "InterfaceSegregation\InterfaceSegregation.csproj", "{C1CC37FE-6F9B-441C-8F9F-A430657EB7C1}"
EndProject
Project("{FAE04EC0-301F-11D3-BF4B-00C04F79EFBC}") = "DependencyInversion", "DependencyInversion\DependencyInversion.csproj", "{B7AFEA73-03CA-4122-8474-48C0803C0FB6}"
EndProject
Global
	GlobalSection(SolutionConfigurationPlatforms) = preSolution
		Debug|Any CPU = Debug|Any CPU
		Release|Any CPU = Release|Any CPU
	EndGlobalSection
	GlobalSection(ProjectConfigurationPlatforms) = postSolution
		{51438317-96BC-44D4-AC0A-807C01C28FB6}.Debug|Any CPU.ActiveCfg = Debug|Any CPU
		{51438317-96BC-44D4-AC0A-807C01C28FB6}.Debug|Any CPU.Build.0 = Debug|Any CPU
		{51438317-96BC-44D4-AC0A-807C01C28FB6}.Release|Any CPU.ActiveCfg = Release|Any CPU
		{51438317-96BC-44D4-AC0A-807C01C28FB6}.Release|Any CPU.Build.0 = Release|Any CPU
		{FB044E21-3DE1-4935-95F0-9C23D8BE4A7B}.Debug|Any CPU.ActiveCfg = Debug|Any CPU
		{FB044E21-3DE1-4935-95F0-9C23D8BE4A7B}.Debug|Any CPU.Build.0 = Debug|Any CPU
		{FB044E21-3DE1-4935-95F0-9C23D8BE4A7B}.Release|Any CPU.ActiveCfg = Release|Any CPU
		{FB044E21-3DE1-4935-95F0-9C23D8BE4A7B}.Release|Any CPU.Build.0 = Release|Any CPU
		{5283C978-BC47-44C7-B2CC-90FC59D27E09}.Debug|Any CPU.ActiveCfg = Debug|Any CPU
		{5283C978-BC47-44C7-B2CC-90FC59D27E09}.Debug|Any CPU.Build.0 = Debug|Any CPU
		{5283C978-BC47-44C7-B2CC-90FC59D27E09}.Release|Any CPU.ActiveCfg = Release|Any CPU
		{5283C978-BC47-44C7-B2CC-90FC59D27E09}.Release|Any CPU.Build.0 = Release|Any CPU
		{C1CC37FE-6F9B-441C-8F9F-A430657EB7C1}.Debug|Any CPU.ActiveCfg = Debug|Any CPU
		{C1CC37FE-6F9B-441C-8F9F-A430657EB7C1}.Debug|Any CPU.Build.0 = Debug|Any CPU
		{C1CC37FE-6F9B-441C-8F9F-A430657EB7C1}.Release|Any CPU.ActiveCfg = Release|Any CPU
		{C1CC37FE-6F9B-441C-8F9F-A430657EB7C1}.Release|Any CPU.Build.0 = Release|Any CPU
		{B7AFEA73-03CA-4122-8474-48C0803C0FB6}.Debug|Any CPU.ActiveCfg = Debug|Any CPU
		{B7AFEA73-03CA-4122-8474-48C0803C0FB6}.Debug|Any CPU.Build.0 = Debug|Any CPU
		{B7AFEA73-03CA-4122-8474-48C0803C0FB6}.Release|Any CPU.ActiveCfg = Release|Any CPU
		{B7AFEA73-03CA-4122-8474-48C0803C0FB6}.Release|Any CPU.Build.0 = Release|Any CPU
	EndGlobalSection
	GlobalSection(SolutionProperties) = preSolution
		HideSolutionNode = FALSE
	EndGlobalSection
	GlobalSection(ExtensibilityGlobals) = postSolution
		SolutionGuid = {D50B944A-380E-449D-A045-29B199315824}
	EndGlobalSection
EndGlobal
