
Microsoft Visual Studio Solution File, Format Version 12.00
# Visual Studio Version 17
VisualStudioVersion = 17.9.34723.18
MinimumVisualStudioVersion = 10.0.40219.1
Project("{2150E333-8FDC-42A3-9474-1A3956D46DE8}") = "Creational", "Creational", "{387C74D7-D726-4727-B044-9C5BDD7C07D1}"
EndProject
Project("{2150E333-8FDC-42A3-9474-1A3956D46DE8}") = "Structural", "Structural", "{1817A577-4773-428A-852C-7F2CCB5A9560}"
EndProject
Project("{2150E333-8FDC-42A3-9474-1A3956D46DE8}") = "Behavioral", "Behavioral", "{14BAA11A-90AD-4705-AD81-B7ECD9225E07}"
EndProject
Project("{9A19103F-16F7-4668-BE54-9A1E7A4F7556}") = "FactoryMethod", "Creational\FactoryMethod\FactoryMethod.csproj", "{32361554-AEE2-4501-BEF7-1F0EC0C8E31A}"
EndProject
Project("{9A19103F-16F7-4668-BE54-9A1E7A4F7556}") = "AbstractFactory", "Creational\AbstractFactory\AbstractFactory.csproj", "{3AB89611-F2BA-4A4B-BA50-E054845BFDC9}"
EndProject
Project("{9A19103F-16F7-4668-BE54-9A1E7A4F7556}") = "Builder", "Creational\Builder\Builder.csproj", "{7378FF21-04D0-49FF-8D5F-AEA97A61227D}"
EndProject
Project("{9A19103F-16F7-4668-BE54-9A1E7A4F7556}") = "BuilderInDotNetCore", "BuilderInDotNetCore\BuilderInDotNetCore.csproj", "{DE1AE408-0E57-4610-A243-A08EEA916B9E}"
EndProject
Project("{9A19103F-16F7-4668-BE54-9A1E7A4F7556}") = "Prototype", "Prototype\Prototype.csproj", "{0059828F-B437-4927-95D1-98FBCD3AB694}"
EndProject
Project("{9A19103F-16F7-4668-BE54-9A1E7A4F7556}") = "Singleton", "Creational\Singleton\Singleton.csproj", "{C5DC369A-6C02-469D-9C6B-602B837963BC}"
EndProject
Project("{9A19103F-16F7-4668-BE54-9A1E7A4F7556}") = "Adapter", "Structure\Adapter\Adapter.csproj", "{5A63B3D9-76FF-4A66-8DAE-69FAD96F7460}"
EndProject
Project("{9A19103F-16F7-4668-BE54-9A1E7A4F7556}") = "Bridge", "Structure\Bridge\Bridge.csproj", "{468F213A-AF08-48D2-B2D6-4BE0AA92B5C6}"
EndProject
Project("{9A19103F-16F7-4668-BE54-9A1E7A4F7556}") = "Composite", "Structure\Composite\Composite.csproj", "{20441BC7-61BB-496E-811C-84C316662E96}"
EndProject
Project("{9A19103F-16F7-4668-BE54-9A1E7A4F7556}") = "Decorator", "Structure\Decorator\Decorator.csproj", "{D361809E-ADB2-4728-BB04-A84ECB356200}"
EndProject
Project("{9A19103F-16F7-4668-BE54-9A1E7A4F7556}") = "Flyweight", "Structure\Flyweight\Flyweight.csproj", "{86F9A332-8C3F-44DC-B887-8C6D2D34F2FC}"
EndProject
Project("{9A19103F-16F7-4668-BE54-9A1E7A4F7556}") = "Proxy", "Proxy\Proxy.csproj", "{6BFE86FB-439B-46BF-9B19-5107E88E50F7}"
EndProject
Project("{9A19103F-16F7-4668-BE54-9A1E7A4F7556}") = "Facade", "Structure\Facade\Facade.csproj", "{B9F4D040-E640-4E79-B806-D804BF713F40}"
EndProject
Project("{9A19103F-16F7-4668-BE54-9A1E7A4F7556}") = "ChainOfResponsibility", "Behavioral\ChainOfResponsibility\ChainOfResponsibility.csproj", "{FECA7685-65C7-4C9E-9010-FDBC7398618B}"
EndProject
Project("{9A19103F-16F7-4668-BE54-9A1E7A4F7556}") = "Command", "Behavioral\Command\Command.csproj", "{BF7CBB25-EACC-4C67-AE81-259D540CC3AF}"
EndProject
Project("{9A19103F-16F7-4668-BE54-9A1E7A4F7556}") = "Interpreter", "Behavioral\Interpreter\Interpreter.csproj", "{B9A6110C-CD09-4193-A892-99D722AD1BE3}"
EndProject
Project("{9A19103F-16F7-4668-BE54-9A1E7A4F7556}") = "Iterator", "Behavioral\Iterator\Iterator.csproj", "{6539CE62-9CDD-4B11-8DBD-2974896331D9}"
EndProject
Project("{9A19103F-16F7-4668-BE54-9A1E7A4F7556}") = "Strategy", "Strategy\Strategy.csproj", "{567458CC-9264-4B9B-AB75-851C3AC94EE0}"
EndProject
Project("{9A19103F-16F7-4668-BE54-9A1E7A4F7556}") = "Observer", "Observer\Observer.csproj", "{B2575265-9DEC-4172-A68F-3ABE60F62806}"
EndProject
Project("{9A19103F-16F7-4668-BE54-9A1E7A4F7556}") = "Memento", "Behavioral\Memento\Memento.csproj", "{A1FA847E-4866-47D9-B5AD-100266876575}"
EndProject
Project("{FAE04EC0-301F-11D3-BF4B-00C04F79EFBC}") = "Mediator", "Behavioral\Mediator\Mediator.csproj", "{24AF6161-58E4-4E39-93E3-853ED02B5025}"
EndProject
Project("{FAE04EC0-301F-11D3-BF4B-00C04F79EFBC}") = "State", "Behavioral\State\State.csproj", "{76F1E59E-BE10-40C9-B93E-847FE4502F63}"
EndProject
Project("{9A19103F-16F7-4668-BE54-9A1E7A4F7556}") = "TemplateMethod", "Behavioral\TemplateMethod\TemplateMethod.csproj", "{6624582D-62C9-40B2-AC7B-51850897C5BE}"
EndProject
Project("{FAE04EC0-301F-11D3-BF4B-00C04F79EFBC}") = "Visitor", "Behavioral\Visitor\Visitor.csproj", "{7247DA76-01CE-47AA-B3B6-7083B3275349}"
EndProject
Global
	GlobalSection(SolutionConfigurationPlatforms) = preSolution
		Debug|Any CPU = Debug|Any CPU
		Release|Any CPU = Release|Any CPU
	EndGlobalSection
	GlobalSection(ProjectConfigurationPlatforms) = postSolution
		{32361554-AEE2-4501-BEF7-1F0EC0C8E31A}.Debug|Any CPU.ActiveCfg = Debug|Any CPU
		{32361554-AEE2-4501-BEF7-1F0EC0C8E31A}.Debug|Any CPU.Build.0 = Debug|Any CPU
		{32361554-AEE2-4501-BEF7-1F0EC0C8E31A}.Release|Any CPU.ActiveCfg = Release|Any CPU
		{32361554-AEE2-4501-BEF7-1F0EC0C8E31A}.Release|Any CPU.Build.0 = Release|Any CPU
		{3AB89611-F2BA-4A4B-BA50-E054845BFDC9}.Debug|Any CPU.ActiveCfg = Debug|Any CPU
		{3AB89611-F2BA-4A4B-BA50-E054845BFDC9}.Debug|Any CPU.Build.0 = Debug|Any CPU
		{3AB89611-F2BA-4A4B-BA50-E054845BFDC9}.Release|Any CPU.ActiveCfg = Release|Any CPU
		{3AB89611-F2BA-4A4B-BA50-E054845BFDC9}.Release|Any CPU.Build.0 = Release|Any CPU
		{7378FF21-04D0-49FF-8D5F-AEA97A61227D}.Debug|Any CPU.ActiveCfg = Debug|Any CPU
		{7378FF21-04D0-49FF-8D5F-AEA97A61227D}.Debug|Any CPU.Build.0 = Debug|Any CPU
		{7378FF21-04D0-49FF-8D5F-AEA97A61227D}.Release|Any CPU.ActiveCfg = Release|Any CPU
		{7378FF21-04D0-49FF-8D5F-AEA97A61227D}.Release|Any CPU.Build.0 = Release|Any CPU
		{DE1AE408-0E57-4610-A243-A08EEA916B9E}.Debug|Any CPU.ActiveCfg = Debug|Any CPU
		{DE1AE408-0E57-4610-A243-A08EEA916B9E}.Debug|Any CPU.Build.0 = Debug|Any CPU
		{DE1AE408-0E57-4610-A243-A08EEA916B9E}.Release|Any CPU.ActiveCfg = Release|Any CPU
		{DE1AE408-0E57-4610-A243-A08EEA916B9E}.Release|Any CPU.Build.0 = Release|Any CPU
		{0059828F-B437-4927-95D1-98FBCD3AB694}.Debug|Any CPU.ActiveCfg = Debug|Any CPU
		{0059828F-B437-4927-95D1-98FBCD3AB694}.Debug|Any CPU.Build.0 = Debug|Any CPU
		{0059828F-B437-4927-95D1-98FBCD3AB694}.Release|Any CPU.ActiveCfg = Release|Any CPU
		{0059828F-B437-4927-95D1-98FBCD3AB694}.Release|Any CPU.Build.0 = Release|Any CPU
		{C5DC369A-6C02-469D-9C6B-602B837963BC}.Debug|Any CPU.ActiveCfg = Debug|Any CPU
		{C5DC369A-6C02-469D-9C6B-602B837963BC}.Debug|Any CPU.Build.0 = Debug|Any CPU
		{C5DC369A-6C02-469D-9C6B-602B837963BC}.Release|Any CPU.ActiveCfg = Release|Any CPU
		{C5DC369A-6C02-469D-9C6B-602B837963BC}.Release|Any CPU.Build.0 = Release|Any CPU
		{5A63B3D9-76FF-4A66-8DAE-69FAD96F7460}.Debug|Any CPU.ActiveCfg = Debug|Any CPU
		{5A63B3D9-76FF-4A66-8DAE-69FAD96F7460}.Debug|Any CPU.Build.0 = Debug|Any CPU
		{5A63B3D9-76FF-4A66-8DAE-69FAD96F7460}.Release|Any CPU.ActiveCfg = Release|Any CPU
		{5A63B3D9-76FF-4A66-8DAE-69FAD96F7460}.Release|Any CPU.Build.0 = Release|Any CPU
		{468F213A-AF08-48D2-B2D6-4BE0AA92B5C6}.Debug|Any CPU.ActiveCfg = Debug|Any CPU
		{468F213A-AF08-48D2-B2D6-4BE0AA92B5C6}.Debug|Any CPU.Build.0 = Debug|Any CPU
		{468F213A-AF08-48D2-B2D6-4BE0AA92B5C6}.Release|Any CPU.ActiveCfg = Release|Any CPU
		{468F213A-AF08-48D2-B2D6-4BE0AA92B5C6}.Release|Any CPU.Build.0 = Release|Any CPU
		{20441BC7-61BB-496E-811C-84C316662E96}.Debug|Any CPU.ActiveCfg = Debug|Any CPU
		{20441BC7-61BB-496E-811C-84C316662E96}.Debug|Any CPU.Build.0 = Debug|Any CPU
		{20441BC7-61BB-496E-811C-84C316662E96}.Release|Any CPU.ActiveCfg = Release|Any CPU
		{20441BC7-61BB-496E-811C-84C316662E96}.Release|Any CPU.Build.0 = Release|Any CPU
		{D361809E-ADB2-4728-BB04-A84ECB356200}.Debug|Any CPU.ActiveCfg = Debug|Any CPU
		{D361809E-ADB2-4728-BB04-A84ECB356200}.Debug|Any CPU.Build.0 = Debug|Any CPU
		{D361809E-ADB2-4728-BB04-A84ECB356200}.Release|Any CPU.ActiveCfg = Release|Any CPU
		{D361809E-ADB2-4728-BB04-A84ECB356200}.Release|Any CPU.Build.0 = Release|Any CPU
		{86F9A332-8C3F-44DC-B887-8C6D2D34F2FC}.Debug|Any CPU.ActiveCfg = Debug|Any CPU
		{86F9A332-8C3F-44DC-B887-8C6D2D34F2FC}.Debug|Any CPU.Build.0 = Debug|Any CPU
		{86F9A332-8C3F-44DC-B887-8C6D2D34F2FC}.Release|Any CPU.ActiveCfg = Release|Any CPU
		{86F9A332-8C3F-44DC-B887-8C6D2D34F2FC}.Release|Any CPU.Build.0 = Release|Any CPU
		{6BFE86FB-439B-46BF-9B19-5107E88E50F7}.Debug|Any CPU.ActiveCfg = Debug|Any CPU
		{6BFE86FB-439B-46BF-9B19-5107E88E50F7}.Debug|Any CPU.Build.0 = Debug|Any CPU
		{6BFE86FB-439B-46BF-9B19-5107E88E50F7}.Release|Any CPU.ActiveCfg = Release|Any CPU
		{6BFE86FB-439B-46BF-9B19-5107E88E50F7}.Release|Any CPU.Build.0 = Release|Any CPU
		{B9F4D040-E640-4E79-B806-D804BF713F40}.Debug|Any CPU.ActiveCfg = Debug|Any CPU
		{B9F4D040-E640-4E79-B806-D804BF713F40}.Debug|Any CPU.Build.0 = Debug|Any CPU
		{B9F4D040-E640-4E79-B806-D804BF713F40}.Release|Any CPU.ActiveCfg = Release|Any CPU
		{B9F4D040-E640-4E79-B806-D804BF713F40}.Release|Any CPU.Build.0 = Release|Any CPU
		{FECA7685-65C7-4C9E-9010-FDBC7398618B}.Debug|Any CPU.ActiveCfg = Debug|Any CPU
		{FECA7685-65C7-4C9E-9010-FDBC7398618B}.Debug|Any CPU.Build.0 = Debug|Any CPU
		{FECA7685-65C7-4C9E-9010-FDBC7398618B}.Release|Any CPU.ActiveCfg = Release|Any CPU
		{FECA7685-65C7-4C9E-9010-FDBC7398618B}.Release|Any CPU.Build.0 = Release|Any CPU
		{BF7CBB25-EACC-4C67-AE81-259D540CC3AF}.Debug|Any CPU.ActiveCfg = Debug|Any CPU
		{BF7CBB25-EACC-4C67-AE81-259D540CC3AF}.Debug|Any CPU.Build.0 = Debug|Any CPU
		{BF7CBB25-EACC-4C67-AE81-259D540CC3AF}.Release|Any CPU.ActiveCfg = Release|Any CPU
		{BF7CBB25-EACC-4C67-AE81-259D540CC3AF}.Release|Any CPU.Build.0 = Release|Any CPU
		{B9A6110C-CD09-4193-A892-99D722AD1BE3}.Debug|Any CPU.ActiveCfg = Debug|Any CPU
		{B9A6110C-CD09-4193-A892-99D722AD1BE3}.Debug|Any CPU.Build.0 = Debug|Any CPU
		{B9A6110C-CD09-4193-A892-99D722AD1BE3}.Release|Any CPU.ActiveCfg = Release|Any CPU
		{B9A6110C-CD09-4193-A892-99D722AD1BE3}.Release|Any CPU.Build.0 = Release|Any CPU
		{6539CE62-9CDD-4B11-8DBD-2974896331D9}.Debug|Any CPU.ActiveCfg = Debug|Any CPU
		{6539CE62-9CDD-4B11-8DBD-2974896331D9}.Debug|Any CPU.Build.0 = Debug|Any CPU
		{6539CE62-9CDD-4B11-8DBD-2974896331D9}.Release|Any CPU.ActiveCfg = Release|Any CPU
		{6539CE62-9CDD-4B11-8DBD-2974896331D9}.Release|Any CPU.Build.0 = Release|Any CPU
		{567458CC-9264-4B9B-AB75-851C3AC94EE0}.Debug|Any CPU.ActiveCfg = Debug|Any CPU
		{567458CC-9264-4B9B-AB75-851C3AC94EE0}.Debug|Any CPU.Build.0 = Debug|Any CPU
		{567458CC-9264-4B9B-AB75-851C3AC94EE0}.Release|Any CPU.ActiveCfg = Release|Any CPU
		{567458CC-9264-4B9B-AB75-851C3AC94EE0}.Release|Any CPU.Build.0 = Release|Any CPU
		{B2575265-9DEC-4172-A68F-3ABE60F62806}.Debug|Any CPU.ActiveCfg = Debug|Any CPU
		{B2575265-9DEC-4172-A68F-3ABE60F62806}.Debug|Any CPU.Build.0 = Debug|Any CPU
		{B2575265-9DEC-4172-A68F-3ABE60F62806}.Release|Any CPU.ActiveCfg = Release|Any CPU
		{B2575265-9DEC-4172-A68F-3ABE60F62806}.Release|Any CPU.Build.0 = Release|Any CPU
		{A1FA847E-4866-47D9-B5AD-100266876575}.Debug|Any CPU.ActiveCfg = Debug|Any CPU
		{A1FA847E-4866-47D9-B5AD-100266876575}.Debug|Any CPU.Build.0 = Debug|Any CPU
		{A1FA847E-4866-47D9-B5AD-100266876575}.Release|Any CPU.ActiveCfg = Release|Any CPU
		{A1FA847E-4866-47D9-B5AD-100266876575}.Release|Any CPU.Build.0 = Release|Any CPU
		{24AF6161-58E4-4E39-93E3-853ED02B5025}.Debug|Any CPU.ActiveCfg = Debug|Any CPU
		{24AF6161-58E4-4E39-93E3-853ED02B5025}.Debug|Any CPU.Build.0 = Debug|Any CPU
		{24AF6161-58E4-4E39-93E3-853ED02B5025}.Release|Any CPU.ActiveCfg = Release|Any CPU
		{24AF6161-58E4-4E39-93E3-853ED02B5025}.Release|Any CPU.Build.0 = Release|Any CPU
		{76F1E59E-BE10-40C9-B93E-847FE4502F63}.Debug|Any CPU.ActiveCfg = Debug|Any CPU
		{76F1E59E-BE10-40C9-B93E-847FE4502F63}.Debug|Any CPU.Build.0 = Debug|Any CPU
		{76F1E59E-BE10-40C9-B93E-847FE4502F63}.Release|Any CPU.ActiveCfg = Release|Any CPU
		{76F1E59E-BE10-40C9-B93E-847FE4502F63}.Release|Any CPU.Build.0 = Release|Any CPU
		{6624582D-62C9-40B2-AC7B-51850897C5BE}.Debug|Any CPU.ActiveCfg = Debug|Any CPU
		{6624582D-62C9-40B2-AC7B-51850897C5BE}.Debug|Any CPU.Build.0 = Debug|Any CPU
		{6624582D-62C9-40B2-AC7B-51850897C5BE}.Release|Any CPU.ActiveCfg = Release|Any CPU
		{6624582D-62C9-40B2-AC7B-51850897C5BE}.Release|Any CPU.Build.0 = Release|Any CPU
		{7247DA76-01CE-47AA-B3B6-7083B3275349}.Debug|Any CPU.ActiveCfg = Debug|Any CPU
		{7247DA76-01CE-47AA-B3B6-7083B3275349}.Debug|Any CPU.Build.0 = Debug|Any CPU
		{7247DA76-01CE-47AA-B3B6-7083B3275349}.Release|Any CPU.ActiveCfg = Release|Any CPU
		{7247DA76-01CE-47AA-B3B6-7083B3275349}.Release|Any CPU.Build.0 = Release|Any CPU
	EndGlobalSection
	GlobalSection(SolutionProperties) = preSolution
		HideSolutionNode = FALSE
	EndGlobalSection
	GlobalSection(NestedProjects) = preSolution
		{32361554-AEE2-4501-BEF7-1F0EC0C8E31A} = {387C74D7-D726-4727-B044-9C5BDD7C07D1}
		{3AB89611-F2BA-4A4B-BA50-E054845BFDC9} = {387C74D7-D726-4727-B044-9C5BDD7C07D1}
		{7378FF21-04D0-49FF-8D5F-AEA97A61227D} = {387C74D7-D726-4727-B044-9C5BDD7C07D1}
		{DE1AE408-0E57-4610-A243-A08EEA916B9E} = {387C74D7-D726-4727-B044-9C5BDD7C07D1}
		{0059828F-B437-4927-95D1-98FBCD3AB694} = {387C74D7-D726-4727-B044-9C5BDD7C07D1}
		{C5DC369A-6C02-469D-9C6B-602B837963BC} = {387C74D7-D726-4727-B044-9C5BDD7C07D1}
		{5A63B3D9-76FF-4A66-8DAE-69FAD96F7460} = {1817A577-4773-428A-852C-7F2CCB5A9560}
		{468F213A-AF08-48D2-B2D6-4BE0AA92B5C6} = {1817A577-4773-428A-852C-7F2CCB5A9560}
		{20441BC7-61BB-496E-811C-84C316662E96} = {1817A577-4773-428A-852C-7F2CCB5A9560}
		{D361809E-ADB2-4728-BB04-A84ECB356200} = {1817A577-4773-428A-852C-7F2CCB5A9560}
		{86F9A332-8C3F-44DC-B887-8C6D2D34F2FC} = {1817A577-4773-428A-852C-7F2CCB5A9560}
		{6BFE86FB-439B-46BF-9B19-5107E88E50F7} = {1817A577-4773-428A-852C-7F2CCB5A9560}
		{B9F4D040-E640-4E79-B806-D804BF713F40} = {1817A577-4773-428A-852C-7F2CCB5A9560}
		{FECA7685-65C7-4C9E-9010-FDBC7398618B} = {14BAA11A-90AD-4705-AD81-B7ECD9225E07}
		{BF7CBB25-EACC-4C67-AE81-259D540CC3AF} = {14BAA11A-90AD-4705-AD81-B7ECD9225E07}
		{B9A6110C-CD09-4193-A892-99D722AD1BE3} = {14BAA11A-90AD-4705-AD81-B7ECD9225E07}
		{6539CE62-9CDD-4B11-8DBD-2974896331D9} = {14BAA11A-90AD-4705-AD81-B7ECD9225E07}
		{567458CC-9264-4B9B-AB75-851C3AC94EE0} = {14BAA11A-90AD-4705-AD81-B7ECD9225E07}
		{B2575265-9DEC-4172-A68F-3ABE60F62806} = {14BAA11A-90AD-4705-AD81-B7ECD9225E07}
		{A1FA847E-4866-47D9-B5AD-100266876575} = {14BAA11A-90AD-4705-AD81-B7ECD9225E07}
		{24AF6161-58E4-4E39-93E3-853ED02B5025} = {14BAA11A-90AD-4705-AD81-B7ECD9225E07}
		{76F1E59E-BE10-40C9-B93E-847FE4502F63} = {14BAA11A-90AD-4705-AD81-B7ECD9225E07}
		{6624582D-62C9-40B2-AC7B-51850897C5BE} = {14BAA11A-90AD-4705-AD81-B7ECD9225E07}
		{7247DA76-01CE-47AA-B3B6-7083B3275349} = {14BAA11A-90AD-4705-AD81-B7ECD9225E07}
	EndGlobalSection
	GlobalSection(ExtensibilityGlobals) = postSolution
		SolutionGuid = {17289C14-D4E6-4260-A940-39BE817655CC}
	EndGlobalSection
EndGlobal
